// !$*UTF8*$!
{
	archiveVersion = 1;
	classes = {
	};
	objectVersion = 46;
	objects = {

/* Begin PBXBuildFile section */
		141571611CDA03BE0054BD8B /* EKStudentMO+CoreDataProperties.m in Sources */ = {isa = PBXBuildFile; fileRef = 141571541CDA03BE0054BD8B /* EKStudentMO+CoreDataProperties.m */; };
		141571621CDA03BE0054BD8B /* EKStudentMO.m in Sources */ = {isa = PBXBuildFile; fileRef = 141571561CDA03BE0054BD8B /* EKStudentMO.m */; };
		141571631CDA03BE0054BD8B /* EKTeacherMO+CoreDataProperties.m in Sources */ = {isa = PBXBuildFile; fileRef = 141571581CDA03BE0054BD8B /* EKTeacherMO+CoreDataProperties.m */; };
		141571641CDA03BE0054BD8B /* EKTeacherMO.m in Sources */ = {isa = PBXBuildFile; fileRef = 1415715A1CDA03BE0054BD8B /* EKTeacherMO.m */; };
		141571751CDA1FA70054BD8B /* EKUserMO+CoreDataProperties.m in Sources */ = {isa = PBXBuildFile; fileRef = 1415716E1CDA1FA70054BD8B /* EKUserMO+CoreDataProperties.m */; };
		141571761CDA1FA70054BD8B /* EKUserMO.m in Sources */ = {isa = PBXBuildFile; fileRef = 141571701CDA1FA70054BD8B /* EKUserMO.m */; };
		141571771CDA1FA70054BD8B /* EKUniversityMO+CoreDataProperties.m in Sources */ = {isa = PBXBuildFile; fileRef = 141571721CDA1FA70054BD8B /* EKUniversityMO+CoreDataProperties.m */; };
		141571781CDA1FA70054BD8B /* EKUniversityMO.m in Sources */ = {isa = PBXBuildFile; fileRef = 141571741CDA1FA70054BD8B /* EKUniversityMO.m */; };
		1415717D1CDA21480054BD8B /* EKCourseMO+CoreDataProperties.m in Sources */ = {isa = PBXBuildFile; fileRef = 1415717A1CDA21480054BD8B /* EKCourseMO+CoreDataProperties.m */; };
		1415717E1CDA21480054BD8B /* EKCourseMO.m in Sources */ = {isa = PBXBuildFile; fileRef = 1415717C1CDA21480054BD8B /* EKCourseMO.m */; };
		14E3F89E1CDB2A0C00E5FF88 /* EKStudentCell.m in Sources */ = {isa = PBXBuildFile; fileRef = 14E3F89D1CDB2A0C00E5FF88 /* EKStudentCell.m */; };
		14E3F8A11CDB3BE100E5FF88 /* EKDetailViewController.m in Sources */ = {isa = PBXBuildFile; fileRef = 14E3F8A01CDB3BE100E5FF88 /* EKDetailViewController.m */; };
		14E3F8A41CDB3C7C00E5FF88 /* EKDetailCell.m in Sources */ = {isa = PBXBuildFile; fileRef = 14E3F8A31CDB3C7C00E5FF88 /* EKDetailCell.m */; };
		DE05651C1CE35B8A00F4F9A6 /* UIView+EKUniversity.m in Sources */ = {isa = PBXBuildFile; fileRef = DE05651B1CE35B8A00F4F9A6 /* UIView+EKUniversity.m */; };
		DE3F6EE31CDAA26700EA09A2 /* EKStudentsViewController.m in Sources */ = {isa = PBXBuildFile; fileRef = DE3F6EE21CDAA26700EA09A2 /* EKStudentsViewController.m */; };
		DE78EACF1CD7FF970062E1EC /* EKCoreDataTableViewController.m in Sources */ = {isa = PBXBuildFile; fileRef = DE78EACE1CD7FF970062E1EC /* EKCoreDataTableViewController.m */; };
		DE936DB41CDBD72C00D02742 /* Read.me in Resources */ = {isa = PBXBuildFile; fileRef = DE936DB31CDBD72C00D02742 /* Read.me */; };
		DEC1FC161CD7EEF000F2713F /* main.m in Sources */ = {isa = PBXBuildFile; fileRef = DEC1FC151CD7EEF000F2713F /* main.m */; };
		DEC1FC191CD7EEF000F2713F /* AppDelegate.m in Sources */ = {isa = PBXBuildFile; fileRef = DEC1FC181CD7EEF000F2713F /* AppDelegate.m */; };
		DEC1FC1F1CD7EEF000F2713F /* Main.storyboard in Resources */ = {isa = PBXBuildFile; fileRef = DEC1FC1D1CD7EEF000F2713F /* Main.storyboard */; };
		DEC1FC221CD7EEF000F2713F /* university.xcdatamodeld in Sources */ = {isa = PBXBuildFile; fileRef = DEC1FC201CD7EEF000F2713F /* university.xcdatamodeld */; };
		DEC1FC241CD7EEF000F2713F /* Assets.xcassets in Resources */ = {isa = PBXBuildFile; fileRef = DEC1FC231CD7EEF000F2713F /* Assets.xcassets */; };
		DEC1FC271CD7EEF000F2713F /* LaunchScreen.storyboard in Resources */ = {isa = PBXBuildFile; fileRef = DEC1FC251CD7EEF000F2713F /* LaunchScreen.storyboard */; };
		DEC1FC311CD7F06700F2713F /* EKDataManager.m in Sources */ = {isa = PBXBuildFile; fileRef = DEC1FC301CD7F06700F2713F /* EKDataManager.m */; };
/* End PBXBuildFile section */

/* Begin PBXFileReference section */
		141571531CDA03BE0054BD8B /* EKStudentMO+CoreDataProperties.h */ = {isa = PBXFileReference; fileEncoding = 4; lastKnownFileType = sourcecode.c.h; path = "EKStudentMO+CoreDataProperties.h"; sourceTree = "<group>"; };
		141571541CDA03BE0054BD8B /* EKStudentMO+CoreDataProperties.m */ = {isa = PBXFileReference; fileEncoding = 4; lastKnownFileType = sourcecode.c.objc; path = "EKStudentMO+CoreDataProperties.m"; sourceTree = "<group>"; };
		141571551CDA03BE0054BD8B /* EKStudentMO.h */ = {isa = PBXFileReference; fileEncoding = 4; lastKnownFileType = sourcecode.c.h; path = EKStudentMO.h; sourceTree = "<group>"; };
		141571561CDA03BE0054BD8B /* EKStudentMO.m */ = {isa = PBXFileReference; fileEncoding = 4; lastKnownFileType = sourcecode.c.objc; path = EKStudentMO.m; sourceTree = "<group>"; };
		141571571CDA03BE0054BD8B /* EKTeacherMO+CoreDataProperties.h */ = {isa = PBXFileReference; fileEncoding = 4; lastKnownFileType = sourcecode.c.h; path = "EKTeacherMO+CoreDataProperties.h"; sourceTree = "<group>"; };
		141571581CDA03BE0054BD8B /* EKTeacherMO+CoreDataProperties.m */ = {isa = PBXFileReference; fileEncoding = 4; lastKnownFileType = sourcecode.c.objc; path = "EKTeacherMO+CoreDataProperties.m"; sourceTree = "<group>"; };
		141571591CDA03BE0054BD8B /* EKTeacherMO.h */ = {isa = PBXFileReference; fileEncoding = 4; lastKnownFileType = sourcecode.c.h; path = EKTeacherMO.h; sourceTree = "<group>"; };
		1415715A1CDA03BE0054BD8B /* EKTeacherMO.m */ = {isa = PBXFileReference; fileEncoding = 4; lastKnownFileType = sourcecode.c.objc; path = EKTeacherMO.m; sourceTree = "<group>"; };
		1415716D1CDA1FA70054BD8B /* EKUserMO+CoreDataProperties.h */ = {isa = PBXFileReference; fileEncoding = 4; lastKnownFileType = sourcecode.c.h; path = "EKUserMO+CoreDataProperties.h"; sourceTree = "<group>"; };
		1415716E1CDA1FA70054BD8B /* EKUserMO+CoreDataProperties.m */ = {isa = PBXFileReference; fileEncoding = 4; lastKnownFileType = sourcecode.c.objc; path = "EKUserMO+CoreDataProperties.m"; sourceTree = "<group>"; };
		1415716F1CDA1FA70054BD8B /* EKUserMO.h */ = {isa = PBXFileReference; fileEncoding = 4; lastKnownFileType = sourcecode.c.h; path = EKUserMO.h; sourceTree = "<group>"; };
		141571701CDA1FA70054BD8B /* EKUserMO.m */ = {isa = PBXFileReference; fileEncoding = 4; lastKnownFileType = sourcecode.c.objc; path = EKUserMO.m; sourceTree = "<group>"; };
		141571711CDA1FA70054BD8B /* EKUniversityMO+CoreDataProperties.h */ = {isa = PBXFileReference; fileEncoding = 4; lastKnownFileType = sourcecode.c.h; path = "EKUniversityMO+CoreDataProperties.h"; sourceTree = "<group>"; };
		141571721CDA1FA70054BD8B /* EKUniversityMO+CoreDataProperties.m */ = {isa = PBXFileReference; fileEncoding = 4; lastKnownFileType = sourcecode.c.objc; path = "EKUniversityMO+CoreDataProperties.m"; sourceTree = "<group>"; };
		141571731CDA1FA70054BD8B /* EKUniversityMO.h */ = {isa = PBXFileReference; fileEncoding = 4; lastKnownFileType = sourcecode.c.h; path = EKUniversityMO.h; sourceTree = "<group>"; };
		141571741CDA1FA70054BD8B /* EKUniversityMO.m */ = {isa = PBXFileReference; fileEncoding = 4; lastKnownFileType = sourcecode.c.objc; path = EKUniversityMO.m; sourceTree = "<group>"; };
		141571791CDA21480054BD8B /* EKCourseMO+CoreDataProperties.h */ = {isa = PBXFileReference; fileEncoding = 4; lastKnownFileType = sourcecode.c.h; path = "EKCourseMO+CoreDataProperties.h"; sourceTree = "<group>"; };
		1415717A1CDA21480054BD8B /* EKCourseMO+CoreDataProperties.m */ = {isa = PBXFileReference; fileEncoding = 4; lastKnownFileType = sourcecode.c.objc; path = "EKCourseMO+CoreDataProperties.m"; sourceTree = "<group>"; };
		1415717B1CDA21480054BD8B /* EKCourseMO.h */ = {isa = PBXFileReference; fileEncoding = 4; lastKnownFileType = sourcecode.c.h; path = EKCourseMO.h; sourceTree = "<group>"; };
		1415717C1CDA21480054BD8B /* EKCourseMO.m */ = {isa = PBXFileReference; fileEncoding = 4; lastKnownFileType = sourcecode.c.objc; path = EKCourseMO.m; sourceTree = "<group>"; };
		14E3F89C1CDB2A0C00E5FF88 /* EKStudentCell.h */ = {isa = PBXFileReference; fileEncoding = 4; lastKnownFileType = sourcecode.c.h; path = EKStudentCell.h; sourceTree = "<group>"; };
		14E3F89D1CDB2A0C00E5FF88 /* EKStudentCell.m */ = {isa = PBXFileReference; fileEncoding = 4; lastKnownFileType = sourcecode.c.objc; path = EKStudentCell.m; sourceTree = "<group>"; };
		14E3F89F1CDB3BE100E5FF88 /* EKDetailViewController.h */ = {isa = PBXFileReference; fileEncoding = 4; lastKnownFileType = sourcecode.c.h; path = EKDetailViewController.h; sourceTree = "<group>"; };
		14E3F8A01CDB3BE100E5FF88 /* EKDetailViewController.m */ = {isa = PBXFileReference; fileEncoding = 4; lastKnownFileType = sourcecode.c.objc; path = EKDetailViewController.m; sourceTree = "<group>"; };
		14E3F8A21CDB3C7C00E5FF88 /* EKDetailCell.h */ = {isa = PBXFileReference; fileEncoding = 4; lastKnownFileType = sourcecode.c.h; path = EKDetailCell.h; sourceTree = "<group>"; };
		14E3F8A31CDB3C7C00E5FF88 /* EKDetailCell.m */ = {isa = PBXFileReference; fileEncoding = 4; lastKnownFileType = sourcecode.c.objc; path = EKDetailCell.m; sourceTree = "<group>"; };
		DE05651A1CE35B8A00F4F9A6 /* UIView+EKUniversity.h */ = {isa = PBXFileReference; fileEncoding = 4; lastKnownFileType = sourcecode.c.h; path = "UIView+EKUniversity.h"; sourceTree = "<group>"; };
		DE05651B1CE35B8A00F4F9A6 /* UIView+EKUniversity.m */ = {isa = PBXFileReference; fileEncoding = 4; lastKnownFileType = sourcecode.c.objc; path = "UIView+EKUniversity.m"; sourceTree = "<group>"; };
		DE3F6EE11CDAA26700EA09A2 /* EKStudentsViewController.h */ = {isa = PBXFileReference; fileEncoding = 4; lastKnownFileType = sourcecode.c.h; path = EKStudentsViewController.h; sourceTree = "<group>"; };
		DE3F6EE21CDAA26700EA09A2 /* EKStudentsViewController.m */ = {isa = PBXFileReference; fileEncoding = 4; lastKnownFileType = sourcecode.c.objc; path = EKStudentsViewController.m; sourceTree = "<group>"; };
		DE78EACD1CD7FF970062E1EC /* EKCoreDataTableViewController.h */ = {isa = PBXFileReference; fileEncoding = 4; lastKnownFileType = sourcecode.c.h; path = EKCoreDataTableViewController.h; sourceTree = "<group>"; };
		DE78EACE1CD7FF970062E1EC /* EKCoreDataTableViewController.m */ = {isa = PBXFileReference; fileEncoding = 4; lastKnownFileType = sourcecode.c.objc; path = EKCoreDataTableViewController.m; sourceTree = "<group>"; };
		DE936DB31CDBD72C00D02742 /* Read.me */ = {isa = PBXFileReference; fileEncoding = 4; lastKnownFileType = text; path = Read.me; sourceTree = "<group>"; };
		DEC1FC111CD7EEF000F2713F /* university.app */ = {isa = PBXFileReference; explicitFileType = wrapper.application; includeInIndex = 0; path = university.app; sourceTree = BUILT_PRODUCTS_DIR; };
		DEC1FC151CD7EEF000F2713F /* main.m */ = {isa = PBXFileReference; lastKnownFileType = sourcecode.c.objc; path = main.m; sourceTree = "<group>"; };
		DEC1FC171CD7EEF000F2713F /* AppDelegate.h */ = {isa = PBXFileReference; lastKnownFileType = sourcecode.c.h; path = AppDelegate.h; sourceTree = "<group>"; };
		DEC1FC181CD7EEF000F2713F /* AppDelegate.m */ = {isa = PBXFileReference; lastKnownFileType = sourcecode.c.objc; path = AppDelegate.m; sourceTree = "<group>"; };
		DEC1FC1E1CD7EEF000F2713F /* Base */ = {isa = PBXFileReference; lastKnownFileType = file.storyboard; name = Base; path = Base.lproj/Main.storyboard; sourceTree = "<group>"; };
		DEC1FC211CD7EEF000F2713F /* university.xcdatamodel */ = {isa = PBXFileReference; lastKnownFileType = wrapper.xcdatamodel; path = university.xcdatamodel; sourceTree = "<group>"; };
		DEC1FC231CD7EEF000F2713F /* Assets.xcassets */ = {isa = PBXFileReference; lastKnownFileType = folder.assetcatalog; path = Assets.xcassets; sourceTree = "<group>"; };
		DEC1FC261CD7EEF000F2713F /* Base */ = {isa = PBXFileReference; lastKnownFileType = file.storyboard; name = Base; path = Base.lproj/LaunchScreen.storyboard; sourceTree = "<group>"; };
		DEC1FC281CD7EEF000F2713F /* Info.plist */ = {isa = PBXFileReference; lastKnownFileType = text.plist.xml; path = Info.plist; sourceTree = "<group>"; };
		DEC1FC2F1CD7F06700F2713F /* EKDataManager.h */ = {isa = PBXFileReference; fileEncoding = 4; lastKnownFileType = sourcecode.c.h; path = EKDataManager.h; sourceTree = "<group>"; };
		DEC1FC301CD7F06700F2713F /* EKDataManager.m */ = {isa = PBXFileReference; fileEncoding = 4; lastKnownFileType = sourcecode.c.objc; path = EKDataManager.m; sourceTree = "<group>"; };
/* End PBXFileReference section */

/* Begin PBXFrameworksBuildPhase section */
		DEC1FC0E1CD7EEF000F2713F /* Frameworks */ = {
			isa = PBXFrameworksBuildPhase;
			buildActionMask = 2147483647;
			files = (
			);
			runOnlyForDeploymentPostprocessing = 0;
		};
/* End PBXFrameworksBuildPhase section */

/* Begin PBXGroup section */
		1415710C1CDA02C00054BD8B /* Core Data Models */ = {
			isa = PBXGroup;
			children = (
				141571531CDA03BE0054BD8B /* EKStudentMO+CoreDataProperties.h */,
				141571541CDA03BE0054BD8B /* EKStudentMO+CoreDataProperties.m */,
				141571551CDA03BE0054BD8B /* EKStudentMO.h */,
				141571561CDA03BE0054BD8B /* EKStudentMO.m */,
				141571571CDA03BE0054BD8B /* EKTeacherMO+CoreDataProperties.h */,
				141571581CDA03BE0054BD8B /* EKTeacherMO+CoreDataProperties.m */,
				141571591CDA03BE0054BD8B /* EKTeacherMO.h */,
				1415715A1CDA03BE0054BD8B /* EKTeacherMO.m */,
				1415716D1CDA1FA70054BD8B /* EKUserMO+CoreDataProperties.h */,
				1415716E1CDA1FA70054BD8B /* EKUserMO+CoreDataProperties.m */,
				1415716F1CDA1FA70054BD8B /* EKUserMO.h */,
				141571701CDA1FA70054BD8B /* EKUserMO.m */,
				141571711CDA1FA70054BD8B /* EKUniversityMO+CoreDataProperties.h */,
				141571721CDA1FA70054BD8B /* EKUniversityMO+CoreDataProperties.m */,
				141571731CDA1FA70054BD8B /* EKUniversityMO.h */,
				141571741CDA1FA70054BD8B /* EKUniversityMO.m */,
				141571791CDA21480054BD8B /* EKCourseMO+CoreDataProperties.h */,
				1415717A1CDA21480054BD8B /* EKCourseMO+CoreDataProperties.m */,
				1415717B1CDA21480054BD8B /* EKCourseMO.h */,
				1415717C1CDA21480054BD8B /* EKCourseMO.m */,
			);
			name = "Core Data Models";
			sourceTree = "<group>";
		};
		DE0565161CE354FD00F4F9A6 /* Categories */ = {
			isa = PBXGroup;
			children = (
				DE05651A1CE35B8A00F4F9A6 /* UIView+EKUniversity.h */,
				DE05651B1CE35B8A00F4F9A6 /* UIView+EKUniversity.m */,
			);
			name = Categories;
			sourceTree = "<group>";
		};
		DE3F6EDC1CDA9F1A00EA09A2 /* View Controllers */ = {
			isa = PBXGroup;
			children = (
				DE3F6EDD1CDA9F2F00EA09A2 /* Cells */,
				DE3F6EE11CDAA26700EA09A2 /* EKStudentsViewController.h */,
				DE3F6EE21CDAA26700EA09A2 /* EKStudentsViewController.m */,
				14E3F89F1CDB3BE100E5FF88 /* EKDetailViewController.h */,
				14E3F8A01CDB3BE100E5FF88 /* EKDetailViewController.m */,
			);
			name = "View Controllers";
			sourceTree = "<group>";
		};
		DE3F6EDD1CDA9F2F00EA09A2 /* Cells */ = {
			isa = PBXGroup;
			children = (
				14E3F8A21CDB3C7C00E5FF88 /* EKDetailCell.h */,
				14E3F8A31CDB3C7C00E5FF88 /* EKDetailCell.m */,
				14E3F89C1CDB2A0C00E5FF88 /* EKStudentCell.h */,
				14E3F89D1CDB2A0C00E5FF88 /* EKStudentCell.m */,
			);
			name = Cells;
			sourceTree = "<group>";
		};
		DEC1FC081CD7EEF000F2713F = {
			isa = PBXGroup;
			children = (
				DE936DB31CDBD72C00D02742 /* Read.me */,
				DEC1FC131CD7EEF000F2713F /* university */,
				DEC1FC121CD7EEF000F2713F /* Products */,
			);
			sourceTree = "<group>";
		};
		DEC1FC121CD7EEF000F2713F /* Products */ = {
			isa = PBXGroup;
			children = (
				DEC1FC111CD7EEF000F2713F /* university.app */,
			);
			name = Products;
			sourceTree = "<group>";
		};
		DEC1FC131CD7EEF000F2713F /* university */ = {
			isa = PBXGroup;
			children = (
				DE0565161CE354FD00F4F9A6 /* Categories */,
				DE3F6EDC1CDA9F1A00EA09A2 /* View Controllers */,
				DEC1FC2E1CD7EFB700F2713F /* Core Data */,
				DEC1FC171CD7EEF000F2713F /* AppDelegate.h */,
				DEC1FC181CD7EEF000F2713F /* AppDelegate.m */,
				DEC1FC231CD7EEF000F2713F /* Assets.xcassets */,
				DEC1FC1D1CD7EEF000F2713F /* Main.storyboard */,
				DEC1FC251CD7EEF000F2713F /* LaunchScreen.storyboard */,
				DEC1FC281CD7EEF000F2713F /* Info.plist */,
				DEC1FC141CD7EEF000F2713F /* Supporting Files */,
			);
			path = university;
			sourceTree = "<group>";
		};
		DEC1FC141CD7EEF000F2713F /* Supporting Files */ = {
			isa = PBXGroup;
			children = (
				DEC1FC151CD7EEF000F2713F /* main.m */,
			);
			name = "Supporting Files";
			sourceTree = "<group>";
		};
		DEC1FC2E1CD7EFB700F2713F /* Core Data */ = {
			isa = PBXGroup;
			children = (
				1415710C1CDA02C00054BD8B /* Core Data Models */,
				DEC1FC201CD7EEF000F2713F /* university.xcdatamodeld */,
				DEC1FC2F1CD7F06700F2713F /* EKDataManager.h */,
				DEC1FC301CD7F06700F2713F /* EKDataManager.m */,
				DE78EACD1CD7FF970062E1EC /* EKCoreDataTableViewController.h */,
				DE78EACE1CD7FF970062E1EC /* EKCoreDataTableViewController.m */,
			);
			name = "Core Data";
			sourceTree = "<group>";
		};
/* End PBXGroup section */

/* Begin PBXNativeTarget section */
		DEC1FC101CD7EEF000F2713F /* university */ = {
			isa = PBXNativeTarget;
			buildConfigurationList = DEC1FC2B1CD7EEF000F2713F /* Build configuration list for PBXNativeTarget "university" */;
			buildPhases = (
				DEC1FC0D1CD7EEF000F2713F /* Sources */,
				DEC1FC0E1CD7EEF000F2713F /* Frameworks */,
				DEC1FC0F1CD7EEF000F2713F /* Resources */,
			);
			buildRules = (
			);
			dependencies = (
			);
			name = university;
			productName = university;
			productReference = DEC1FC111CD7EEF000F2713F /* university.app */;
			productType = "com.apple.product-type.application";
		};
/* End PBXNativeTarget section */

/* Begin PBXProject section */
		DEC1FC091CD7EEF000F2713F /* Project object */ = {
			isa = PBXProject;
			attributes = {
				CLASSPREFIX = EK;
				LastUpgradeCheck = 0730;
				ORGANIZATIONNAME = Kyralesov;
				TargetAttributes = {
					DEC1FC101CD7EEF000F2713F = {
						CreatedOnToolsVersion = 7.3;
						DevelopmentTeam = GT4WSWF94H;
					};
				};
			};
			buildConfigurationList = DEC1FC0C1CD7EEF000F2713F /* Build configuration list for PBXProject "university" */;
			compatibilityVersion = "Xcode 3.2";
			developmentRegion = English;
			hasScannedForEncodings = 0;
			knownRegions = (
				en,
				Base,
			);
			mainGroup = DEC1FC081CD7EEF000F2713F;
			productRefGroup = DEC1FC121CD7EEF000F2713F /* Products */;
			projectDirPath = "";
			projectRoot = "";
			targets = (
				DEC1FC101CD7EEF000F2713F /* university */,
			);
		};
/* End PBXProject section */

/* Begin PBXResourcesBuildPhase section */
		DEC1FC0F1CD7EEF000F2713F /* Resources */ = {
			isa = PBXResourcesBuildPhase;
			buildActionMask = 2147483647;
			files = (
				DEC1FC271CD7EEF000F2713F /* LaunchScreen.storyboard in Resources */,
				DEC1FC241CD7EEF000F2713F /* Assets.xcassets in Resources */,
				DEC1FC1F1CD7EEF000F2713F /* Main.storyboard in Resources */,
				DE936DB41CDBD72C00D02742 /* Read.me in Resources */,
			);
			runOnlyForDeploymentPostprocessing = 0;
		};
/* End PBXResourcesBuildPhase section */

/* Begin PBXSourcesBuildPhase section */
		DEC1FC0D1CD7EEF000F2713F /* Sources */ = {
			isa = PBXSourcesBuildPhase;
			buildActionMask = 2147483647;
			files = (
				141571761CDA1FA70054BD8B /* EKUserMO.m in Sources */,
				DE05651C1CE35B8A00F4F9A6 /* UIView+EKUniversity.m in Sources */,
				141571621CDA03BE0054BD8B /* EKStudentMO.m in Sources */,
				1415717D1CDA21480054BD8B /* EKCourseMO+CoreDataProperties.m in Sources */,
				141571771CDA1FA70054BD8B /* EKUniversityMO+CoreDataProperties.m in Sources */,
				141571641CDA03BE0054BD8B /* EKTeacherMO.m in Sources */,
				DEC1FC221CD7EEF000F2713F /* university.xcdatamodeld in Sources */,
				141571781CDA1FA70054BD8B /* EKUniversityMO.m in Sources */,
				DE3F6EE31CDAA26700EA09A2 /* EKStudentsViewController.m in Sources */,
				141571611CDA03BE0054BD8B /* EKStudentMO+CoreDataProperties.m in Sources */,
				DE78EACF1CD7FF970062E1EC /* EKCoreDataTableViewController.m in Sources */,
				DEC1FC191CD7EEF000F2713F /* AppDelegate.m in Sources */,
				14E3F8A41CDB3C7C00E5FF88 /* EKDetailCell.m in Sources */,
				14E3F8A11CDB3BE100E5FF88 /* EKDetailViewController.m in Sources */,
				141571631CDA03BE0054BD8B /* EKTeacherMO+CoreDataProperties.m in Sources */,
				DEC1FC161CD7EEF000F2713F /* main.m in Sources */,
				141571751CDA1FA70054BD8B /* EKUserMO+CoreDataProperties.m in Sources */,
				1415717E1CDA21480054BD8B /* EKCourseMO.m in Sources */,
				DEC1FC311CD7F06700F2713F /* EKDataManager.m in Sources */,
				14E3F89E1CDB2A0C00E5FF88 /* EKStudentCell.m in Sources */,
			);
			runOnlyForDeploymentPostprocessing = 0;
		};
/* End PBXSourcesBuildPhase section */

/* Begin PBXVariantGroup section */
		DEC1FC1D1CD7EEF000F2713F /* Main.storyboard */ = {
			isa = PBXVariantGroup;
			children = (
				DEC1FC1E1CD7EEF000F2713F /* Base */,
			);
			name = Main.storyboard;
			sourceTree = "<group>";
		};
		DEC1FC251CD7EEF000F2713F /* LaunchScreen.storyboard */ = {
			isa = PBXVariantGroup;
			children = (
				DEC1FC261CD7EEF000F2713F /* Base */,
			);
			name = LaunchScreen.storyboard;
			sourceTree = "<group>";
		};
/* End PBXVariantGroup section */

/* Begin XCBuildConfiguration section */
		DEC1FC291CD7EEF000F2713F /* Debug */ = {
			isa = XCBuildConfiguration;
			buildSettings = {
				ALWAYS_SEARCH_USER_PATHS = NO;
				CLANG_ANALYZER_NONNULL = YES;
				CLANG_CXX_LANGUAGE_STANDARD = "gnu++0x";
				CLANG_CXX_LIBRARY = "libc++";
				CLANG_ENABLE_MODULES = YES;
				CLANG_ENABLE_OBJC_ARC = YES;
				CLANG_WARN_BOOL_CONVERSION = YES;
				CLANG_WARN_CONSTANT_CONVERSION = YES;
				CLANG_WARN_DIRECT_OBJC_ISA_USAGE = YES_ERROR;
				CLANG_WARN_EMPTY_BODY = YES;
				CLANG_WARN_ENUM_CONVERSION = YES;
				CLANG_WARN_INT_CONVERSION = YES;
				CLANG_WARN_OBJC_ROOT_CLASS = YES_ERROR;
				CLANG_WARN_UNREACHABLE_CODE = YES;
				CLANG_WARN__DUPLICATE_METHOD_MATCH = YES;
				"CODE_SIGN_IDENTITY[sdk=iphoneos*]" = "iPhone Developer";
				COPY_PHASE_STRIP = NO;
				DEBUG_INFORMATION_FORMAT = dwarf;
				ENABLE_STRICT_OBJC_MSGSEND = YES;
				ENABLE_TESTABILITY = YES;
				GCC_C_LANGUAGE_STANDARD = gnu99;
				GCC_DYNAMIC_NO_PIC = NO;
				GCC_NO_COMMON_BLOCKS = YES;
				GCC_OPTIMIZATION_LEVEL = 0;
				GCC_PREPROCESSOR_DEFINITIONS = (
					"DEBUG=1",
					"$(inherited)",
				);
				GCC_WARN_64_TO_32_BIT_CONVERSION = YES;
				GCC_WARN_ABOUT_RETURN_TYPE = YES_ERROR;
				GCC_WARN_UNDECLARED_SELECTOR = YES;
				GCC_WARN_UNINITIALIZED_AUTOS = YES_AGGRESSIVE;
				GCC_WARN_UNUSED_FUNCTION = YES;
				GCC_WARN_UNUSED_VARIABLE = YES;
				IPHONEOS_DEPLOYMENT_TARGET = 9.3;
				MTL_ENABLE_DEBUG_INFO = YES;
				ONLY_ACTIVE_ARCH = YES;
				SDKROOT = iphoneos;
				TARGETED_DEVICE_FAMILY = "1,2";
			};
			name = Debug;
		};
		DEC1FC2A1CD7EEF000F2713F /* Release */ = {
			isa = XCBuildConfiguration;
			buildSettings = {
				ALWAYS_SEARCH_USER_PATHS = NO;
				CLANG_ANALYZER_NONNULL = YES;
				CLANG_CXX_LANGUAGE_STANDARD = "gnu++0x";
				CLANG_CXX_LIBRARY = "libc++";
				CLANG_ENABLE_MODULES = YES;
				CLANG_ENABLE_OBJC_ARC = YES;
				CLANG_WARN_BOOL_CONVERSION = YES;
				CLANG_WARN_CONSTANT_CONVERSION = YES;
				CLANG_WARN_DIRECT_OBJC_ISA_USAGE = YES_ERROR;
				CLANG_WARN_EMPTY_BODY = YES;
				CLANG_WARN_ENUM_CONVERSION = YES;
				CLANG_WARN_INT_CONVERSION = YES;
				CLANG_WARN_OBJC_ROOT_CLASS = YES_ERROR;
				CLANG_WARN_UNREACHABLE_CODE = YES;
				CLANG_WARN__DUPLICATE_METHOD_MATCH = YES;
				"CODE_SIGN_IDENTITY[sdk=iphoneos*]" = "iPhone Developer";
				COPY_PHASE_STRIP = NO;
				DEBUG_INFORMATION_FORMAT = "dwarf-with-dsym";
				ENABLE_NS_ASSERTIONS = NO;
				ENABLE_STRICT_OBJC_MSGSEND = YES;
				GCC_C_LANGUAGE_STANDARD = gnu99;
				GCC_NO_COMMON_BLOCKS = YES;
				GCC_WARN_64_TO_32_BIT_CONVERSION = YES;
				GCC_WARN_ABOUT_RETURN_TYPE = YES_ERROR;
				GCC_WARN_UNDECLARED_SELECTOR = YES;
				GCC_WARN_UNINITIALIZED_AUTOS = YES_AGGRESSIVE;
				GCC_WARN_UNUSED_FUNCTION = YES;
				GCC_WARN_UNUSED_VARIABLE = YES;
				IPHONEOS_DEPLOYMENT_TARGET = 9.3;
				MTL_ENABLE_DEBUG_INFO = NO;
				SDKROOT = iphoneos;
				TARGETED_DEVICE_FAMILY = "1,2";
				VALIDATE_PRODUCT = YES;
			};
			name = Release;
		};
		DEC1FC2C1CD7EEF000F2713F /* Debug */ = {
			isa = XCBuildConfiguration;
			buildSettings = {
				ASSETCATALOG_COMPILER_APPICON_NAME = AppIcon;
				CODE_SIGN_IDENTITY = "iPhone Developer";
				INFOPLIST_FILE = university/Info.plist;
				LD_RUNPATH_SEARCH_PATHS = "$(inherited) @executable_path/Frameworks";
				PRODUCT_BUNDLE_IDENTIFIER = kyralesov.com.university;
				PRODUCT_NAME = "$(TARGET_NAME)";
			};
			name = Debug;
		};
		DEC1FC2D1CD7EEF000F2713F /* Release */ = {
			isa = XCBuildConfiguration;
			buildSettings = {
				ASSETCATALOG_COMPILER_APPICON_NAME = AppIcon;
				CODE_SIGN_IDENTITY = "iPhone Developer";
				INFOPLIST_FILE = university/Info.plist;
				LD_RUNPATH_SEARCH_PATHS = "$(inherited) @executable_path/Frameworks";
				PRODUCT_BUNDLE_IDENTIFIER = kyralesov.com.university;
				PRODUCT_NAME = "$(TARGET_NAME)";
			};
			name = Release;
		};
/* End XCBuildConfiguration section */

/* Begin XCConfigurationList section */
		DEC1FC0C1CD7EEF000F2713F /* Build configuration list for PBXProject "university" */ = {
			isa = XCConfigurationList;
			buildConfigurations = (
				DEC1FC291CD7EEF000F2713F /* Debug */,
				DEC1FC2A1CD7EEF000F2713F /* Release */,
			);
			defaultConfigurationIsVisible = 0;
			defaultConfigurationName = Release;
		};
		DEC1FC2B1CD7EEF000F2713F /* Build configuration list for PBXNativeTarget "university" */ = {
			isa = XCConfigurationList;
			buildConfigurations = (
				DEC1FC2C1CD7EEF000F2713F /* Debug */,
				DEC1FC2D1CD7EEF000F2713F /* Release */,
			);
			defaultConfigurationIsVisible = 0;
			defaultConfigurationName = Release;
		};
/* End XCConfigurationList section */

/* Begin XCVersionGroup section */
		DEC1FC201CD7EEF000F2713F /* university.xcdatamodeld */ = {
			isa = XCVersionGroup;
			children = (
				DEC1FC211CD7EEF000F2713F /* university.xcdatamodel */,
			);
			currentVersion = DEC1FC211CD7EEF000F2713F /* university.xcdatamodel */;
			path = university.xcdatamodeld;
			sourceTree = "<group>";
			versionGroupType = wrapper.xcdatamodel;
		};
/* End XCVersionGroup section */
	};
	rootObject = DEC1FC091CD7EEF000F2713F /* Project object */;
}
